
Microsoft Visual Studio Solution File, Format Version 12.00
# Visual Studio Version 16
VisualStudioVersion = 16.0.30413.136
MinimumVisualStudioVersion = 10.0.40219.1
Project("{FAE04EC0-301F-11D3-BF4B-00C04F79EFBC}") = "Crafting.Library", "Crafting.Library\Crafting.Library.csproj", "{16528C5F-705F-4F6D-A244-8EBDC957230D}"
EndProject
Project("{FAE04EC0-301F-11D3-BF4B-00C04F79EFBC}") = "Crafting.WPF", "Crafting.WPF\Crafting.WPF.csproj", "{89E1F2A4-F0C9-44AB-9844-F3B0DEDC13A0}"
EndProject
Global
	GlobalSection(SolutionConfigurationPlatforms) = preSolution
		Debug|Any CPU = Debug|Any CPU
		Release|Any CPU = Release|Any CPU
	EndGlobalSection
	GlobalSection(ProjectConfigurationPlatforms) = postSolution
		{16528C5F-705F-4F6D-A244-8EBDC957230D}.Debug|Any CPU.ActiveCfg = Debug|Any CPU
		{16528C5F-705F-4F6D-A244-8EBDC957230D}.Debug|Any CPU.Build.0 = Debug|Any CPU
		{16528C5F-705F-4F6D-A244-8EBDC957230D}.Release|Any CPU.ActiveCfg = Release|Any CPU
		{16528C5F-705F-4F6D-A244-8EBDC957230D}.Release|Any CPU.Build.0 = Release|Any CPU
		{89E1F2A4-F0C9-44AB-9844-F3B0DEDC13A0}.Debug|Any CPU.ActiveCfg = Debug|Any CPU
		{89E1F2A4-F0C9-44AB-9844-F3B0DEDC13A0}.Debug|Any CPU.Build.0 = Debug|Any CPU
		{89E1F2A4-F0C9-44AB-9844-F3B0DEDC13A0}.Release|Any CPU.ActiveCfg = Release|Any CPU
		{89E1F2A4-F0C9-44AB-9844-F3B0DEDC13A0}.Release|Any CPU.Build.0 = Release|Any CPU
	EndGlobalSection
	GlobalSection(SolutionProperties) = preSolution
		HideSolutionNode = FALSE
	EndGlobalSection
	GlobalSection(ExtensibilityGlobals) = postSolution
		SolutionGuid = {2103FCA4-AB00-494F-BCA3-2D5E8ECC4940}
	EndGlobalSection
EndGlobal
